
Microsoft Visual Studio Solution File, Format Version 12.00
# Visual Studio 15
VisualStudioVersion = 15.0.28307.1433
MinimumVisualStudioVersion = 10.0.40219.1
Project("{FAE04EC0-301F-11D3-BF4B-00C04F79EFBC}") = "Queue_LinkList", "Queue_LinkList\Queue_LinkList.csproj", "{581A8E27-354F-41F2-80AE-BBF473A8B0D3}"
EndProject
Global
	GlobalSection(SolutionConfigurationPlatforms) = preSolution
		Debug|Any CPU = Debug|Any CPU
		Release|Any CPU = Release|Any CPU
	EndGlobalSection
	GlobalSection(ProjectConfigurationPlatforms) = postSolution
		{581A8E27-354F-41F2-80AE-BBF473A8B0D3}.Debug|Any CPU.ActiveCfg = Debug|Any CPU
		{581A8E27-354F-41F2-80AE-BBF473A8B0D3}.Debug|Any CPU.Build.0 = Debug|Any CPU
		{581A8E27-354F-41F2-80AE-BBF473A8B0D3}.Release|Any CPU.ActiveCfg = Release|Any CPU
		{581A8E27-354F-41F2-80AE-BBF473A8B0D3}.Release|Any CPU.Build.0 = Release|Any CPU
	EndGlobalSection
	GlobalSection(SolutionProperties) = preSolution
		HideSolutionNode = FALSE
	EndGlobalSection
	GlobalSection(ExtensibilityGlobals) = postSolution
		SolutionGuid = {0221E2FD-0864-4368-B1B2-3D506FF5EABA}
	EndGlobalSection
EndGlobal
